
Microsoft Visual Studio Solution File, Format Version 12.00
# Visual Studio Version 16
VisualStudioVersion = 16.0.30114.105
MinimumVisualStudioVersion = 10.0.40219.1
Project("{FAE04EC0-301F-11D3-BF4B-00C04F79EFBC}") = "ModernUINavigationApp1", "ModernUINavigationApp1\ModernUINavigationApp1.csproj", "{92A6EBAB-F581-4096-AF83-27BD9BEE66E2}"
EndProject
Global
	GlobalSection(SolutionConfigurationPlatforms) = preSolution
		Debug|Any CPU = Debug|Any CPU
		Release|Any CPU = Release|Any CPU
	EndGlobalSection
	GlobalSection(ProjectConfigurationPlatforms) = postSolution
		{92A6EBAB-F581-4096-AF83-27BD9BEE66E2}.Debug|Any CPU.ActiveCfg = Debug|Any CPU
		{92A6EBAB-F581-4096-AF83-27BD9BEE66E2}.Debug|Any CPU.Build.0 = Debug|Any CPU
		{92A6EBAB-F581-4096-AF83-27BD9BEE66E2}.Release|Any CPU.ActiveCfg = Release|Any CPU
		{92A6EBAB-F581-4096-AF83-27BD9BEE66E2}.Release|Any CPU.Build.0 = Release|Any CPU
	EndGlobalSection
	GlobalSection(SolutionProperties) = preSolution
		HideSolutionNode = FALSE
	EndGlobalSection
	GlobalSection(ExtensibilityGlobals) = postSolution
		SolutionGuid = {E1DF4F71-002F-4814-99B6-4B121FA986D0}
	EndGlobalSection
EndGlobal
